// !$*UTF8*$!
{
	archiveVersion = 1;
	classes = {
	};
	objectVersion = 46;
	objects = {

/* Begin PBXBuildFile section */
		C1AD5F0A19FBDE4F00B5B8B8 /* main.c in Sources */ = {isa = PBXBuildFile; fileRef = C1AD5F0919FBDE4F00B5B8B8 /* main.c */; };
		C1AD5F1319FBDEA600B5B8B8 /* Graph.c in Sources */ = {isa = PBXBuildFile; fileRef = C1AD5F1119FBDEA600B5B8B8 /* Graph.c */; };
/* End PBXBuildFile section */

/* Begin PBXCopyFilesBuildPhase section */
		C1AD5F0419FBDE4F00B5B8B8 /* CopyFiles */ = {
			isa = PBXCopyFilesBuildPhase;
			buildActionMask = 2147483647;
			dstPath = /usr/share/man/man1/;
			dstSubfolderSpec = 0;
			files = (
			);
			runOnlyForDeploymentPostprocessing = 1;
		};
/* End PBXCopyFilesBuildPhase section */

/* Begin PBXFileReference section */
		C1AD5F0619FBDE4F00B5B8B8 /* GraphDataStructure */ = {isa = PBXFileReference; explicitFileType = "compiled.mach-o.executable"; includeInIndex = 0; path = GraphDataStructure; sourceTree = BUILT_PRODUCTS_DIR; };
		C1AD5F0919FBDE4F00B5B8B8 /* main.c */ = {isa = PBXFileReference; lastKnownFileType = sourcecode.c.c; path = main.c; sourceTree = "<group>"; };
		C1AD5F1119FBDEA600B5B8B8 /* Graph.c */ = {isa = PBXFileReference; fileEncoding = 4; lastKnownFileType = sourcecode.c.c; path = Graph.c; sourceTree = "<group>"; };
		C1AD5F1219FBDEA600B5B8B8 /* Graph.h */ = {isa = PBXFileReference; fileEncoding = 4; lastKnownFileType = sourcecode.c.h; path = Graph.h; sourceTree = "<group>"; };
/* End PBXFileReference section */

/* Begin PBXFrameworksBuildPhase section */
		C1AD5F0319FBDE4F00B5B8B8 /* Frameworks */ = {
			isa = PBXFrameworksBuildPhase;
			buildActionMask = 2147483647;
			files = (
			);
			runOnlyForDeploymentPostprocessing = 0;
		};
/* End PBXFrameworksBuildPhase section */

/* Begin PBXGroup section */
		C1AD5EFD19FBDE4F00B5B8B8 = {
			isa = PBXGroup;
			children = (
				C1AD5F0819FBDE4F00B5B8B8 /* GraphDataStructure */,
				C1AD5F0719FBDE4F00B5B8B8 /* Products */,
			);
			sourceTree = "<group>";
		};
		C1AD5F0719FBDE4F00B5B8B8 /* Products */ = {
			isa = PBXGroup;
			children = (
				C1AD5F0619FBDE4F00B5B8B8 /* GraphDataStructure */,
			);
			name = Products;
			sourceTree = "<group>";
		};
		C1AD5F0819FBDE4F00B5B8B8 /* GraphDataStructure */ = {
			isa = PBXGroup;
			children = (
				C1AD5F0919FBDE4F00B5B8B8 /* main.c */,
				C1AD5F1219FBDEA600B5B8B8 /* Graph.h */,
				C1AD5F1119FBDEA600B5B8B8 /* Graph.c */,
			);
			path = GraphDataStructure;
			sourceTree = "<group>";
		};
/* End PBXGroup section */

/* Begin PBXNativeTarget section */
		C1AD5F0519FBDE4F00B5B8B8 /* GraphDataStructure */ = {
			isa = PBXNativeTarget;
			buildConfigurationList = C1AD5F0D19FBDE4F00B5B8B8 /* Build configuration list for PBXNativeTarget "GraphDataStructure" */;
			buildPhases = (
				C1AD5F0219FBDE4F00B5B8B8 /* Sources */,
				C1AD5F0319FBDE4F00B5B8B8 /* Frameworks */,
				C1AD5F0419FBDE4F00B5B8B8 /* CopyFiles */,
			);
			buildRules = (
			);
			dependencies = (
			);
			name = GraphDataStructure;
			productName = GraphDataStructure;
			productReference = C1AD5F0619FBDE4F00B5B8B8 /* GraphDataStructure */;
			productType = "com.apple.product-type.tool";
		};
/* End PBXNativeTarget section */

/* Begin PBXProject section */
		C1AD5EFE19FBDE4F00B5B8B8 /* Project object */ = {
			isa = PBXProject;
			attributes = {
				LastUpgradeCheck = 0600;
				ORGANIZATIONNAME = "Saurav Nagpal";
				TargetAttributes = {
					C1AD5F0519FBDE4F00B5B8B8 = {
						CreatedOnToolsVersion = 6.0;
					};
				};
			};
			buildConfigurationList = C1AD5F0119FBDE4F00B5B8B8 /* Build configuration list for PBXProject "GraphDataStructure" */;
			compatibilityVersion = "Xcode 3.2";
			developmentRegion = English;
			hasScannedForEncodings = 0;
			knownRegions = (
				en,
			);
			mainGroup = C1AD5EFD19FBDE4F00B5B8B8;
			productRefGroup = C1AD5F0719FBDE4F00B5B8B8 /* Products */;
			projectDirPath = "";
			projectRoot = "";
			targets = (
				C1AD5F0519FBDE4F00B5B8B8 /* GraphDataStructure */,
			);
		};
/* End PBXProject section */

/* Begin PBXSourcesBuildPhase section */
		C1AD5F0219FBDE4F00B5B8B8 /* Sources */ = {
			isa = PBXSourcesBuildPhase;
			buildActionMask = 2147483647;
			files = (
				C1AD5F1319FBDEA600B5B8B8 /* Graph.c in Sources */,
				C1AD5F0A19FBDE4F00B5B8B8 /* main.c in Sources */,
			);
			runOnlyForDeploymentPostprocessing = 0;
		};
/* End PBXSourcesBuildPhase section */

/* Begin XCBuildConfiguration section */
		C1AD5F0B19FBDE4F00B5B8B8 /* Debug */ = {
			isa = XCBuildConfiguration;
			buildSettings = {
				ALWAYS_SEARCH_USER_PATHS = NO;
				CLANG_CXX_LANGUAGE_STANDARD = "gnu++0x";
				CLANG_CXX_LIBRARY = "libc++";
				CLANG_ENABLE_MODULES = YES;
				CLANG_ENABLE_OBJC_ARC = YES;
				CLANG_WARN_BOOL_CONVERSION = YES;
				CLANG_WARN_CONSTANT_CONVERSION = YES;
				CLANG_WARN_DIRECT_OBJC_ISA_USAGE = YES_ERROR;
				CLANG_WARN_EMPTY_BODY = YES;
				CLANG_WARN_ENUM_CONVERSION = YES;
				CLANG_WARN_INT_CONVERSION = YES;
				CLANG_WARN_OBJC_ROOT_CLASS = YES_ERROR;
				CLANG_WARN_UNREACHABLE_CODE = YES;
				CLANG_WARN__DUPLICATE_METHOD_MATCH = YES;
				COPY_PHASE_STRIP = NO;
				ENABLE_STRICT_OBJC_MSGSEND = YES;
				GCC_C_LANGUAGE_STANDARD = gnu99;
				GCC_DYNAMIC_NO_PIC = NO;
				GCC_OPTIMIZATION_LEVEL = 0;
				GCC_PREPROCESSOR_DEFINITIONS = (
					"DEBUG=1",
					"$(inherited)",
				);
				GCC_SYMBOLS_PRIVATE_EXTERN = NO;
				GCC_WARN_64_TO_32_BIT_CONVERSION = YES;
				GCC_WARN_ABOUT_RETURN_TYPE = YES_ERROR;
				GCC_WARN_UNDECLARED_SELECTOR = YES;
				GCC_WARN_UNINITIALIZED_AUTOS = YES_AGGRESSIVE;
				GCC_WARN_UNUSED_FUNCTION = YES;
				GCC_WARN_UNUSED_VARIABLE = YES;
				MACOSX_DEPLOYMENT_TARGET = 10.10;
				MTL_ENABLE_DEBUG_INFO = YES;
				ONLY_ACTIVE_ARCH = YES;
				SDKROOT = macosx;
			};
			name = Debug;
		};
		C1AD5F0C19FBDE4F00B5B8B8 /* Release */ = {
			isa = XCBuildConfiguration;
			buildSettings = {
				ALWAYS_SEARCH_USER_PATHS = NO;
				CLANG_CXX_LANGUAGE_STANDARD = "gnu++0x";
				CLANG_CXX_LIBRARY = "libc++";
				CLANG_ENABLE_MODULES = YES;
				CLANG_ENABLE_OBJC_ARC = YES;
				CLANG_WARN_BOOL_CONVERSION = YES;
				CLANG_WARN_CONSTANT_CONVERSION = YES;
				CLANG_WARN_DIRECT_OBJC_ISA_USAGE = YES_ERROR;
				CLANG_WARN_EMPTY_BODY = YES;
				CLANG_WARN_ENUM_CONVERSION = YES;
				CLANG_WARN_INT_CONVERSION = YES;
				CLANG_WARN_OBJC_ROOT_CLASS = YES_ERROR;
				CLANG_WARN_UNREACHABLE_CODE = YES;
				CLANG_WARN__DUPLICATE_METHOD_MATCH = YES;
				COPY_PHASE_STRIP = YES;
				DEBUG_INFORMATION_FORMAT = "dwarf-with-dsym";
				ENABLE_NS_ASSERTIONS = NO;
				ENABLE_STRICT_OBJC_MSGSEND = YES;
				GCC_C_LANGUAGE_STANDARD = gnu99;
				GCC_WARN_64_TO_32_BIT_CONVERSION = YES;
				GCC_WARN_ABOUT_RETURN_TYPE = YES_ERROR;
				GCC_WARN_UNDECLARED_SELECTOR = YES;
				GCC_WARN_UNINITIALIZED_AUTOS = YES_AGGRESSIVE;
				GCC_WARN_UNUSED_FUNCTION = YES;
				GCC_WARN_UNUSED_VARIABLE = YES;
				MACOSX_DEPLOYMENT_TARGET = 10.10;
				MTL_ENABLE_DEBUG_INFO = NO;
				SDKROOT = macosx;
			};
			name = Release;
		};
		C1AD5F0E19FBDE4F00B5B8B8 /* Debug */ = {
			isa = XCBuildConfiguration;
			buildSettings = {
				MACOSX_DEPLOYMENT_TARGET = 10.9;
				PRODUCT_NAME = "$(TARGET_NAME)";
			};
			name = Debug;
		};
		C1AD5F0F19FBDE4F00B5B8B8 /* Release */ = {
			isa = XCBuildConfiguration;
			buildSettings = {
				MACOSX_DEPLOYMENT_TARGET = 10.9;
				PRODUCT_NAME = "$(TARGET_NAME)";
			};
			name = Release;
		};
/* End XCBuildConfiguration section */

/* Begin XCConfigurationList section */
		C1AD5F0119FBDE4F00B5B8B8 /* Build configuration list for PBXProject "GraphDataStructure" */ = {
			isa = XCConfigurationList;
			buildConfigurations = (
				C1AD5F0B19FBDE4F00B5B8B8 /* Debug */,
				C1AD5F0C19FBDE4F00B5B8B8 /* Release */,
			);
			defaultConfigurationIsVisible = 0;
			defaultConfigurationName = Release;
		};
		C1AD5F0D19FBDE4F00B5B8B8 /* Build configuration list for PBXNativeTarget "GraphDataStructure" */ = {
			isa = XCConfigurationList;
			buildConfigurations = (
				C1AD5F0E19FBDE4F00B5B8B8 /* Debug */,
				C1AD5F0F19FBDE4F00B5B8B8 /* Release */,
			);
			defaultConfigurationIsVisible = 0;
			defaultConfigurationName = Release;
		};
/* End XCConfigurationList section */
	};
	rootObject = C1AD5EFE19FBDE4F00B5B8B8 /* Project object */;
}
